{
  "name": "uv-hello-world",
  "version": "1.0.0",
  "lockfileVersion": 1,
  "requires": true,
  "dependencies": {
    "@edsilv/http-status-codes": {
      "version": "1.0.3",
      "resolved": "https://registry.npmjs.org/@edsilv/http-status-codes/-/http-status-codes-1.0.3.tgz",
      "integrity": "sha512-HLK2FS5sZqxPqD53D6hhZxC6C8THTVwlyZDZ7J0iWsrB8JmMA69m/CQuNKZc1kki9WSVeck2fXna26NL0SE7cg=="
    },
    "@edsilv/jquery-plugins": {
      "version": "1.0.7",
      "resolved": "https://registry.npmjs.org/@edsilv/jquery-plugins/-/jquery-plugins-1.0.7.tgz",
      "integrity": "sha512-lz+Rsax7QrBEnHI+WwZ+A4jxqLypTl6RvKP5jI3P2vxG3975fTj2qOvxl1/npxuJ7wCerrvYcBqwZd743iPSdg=="
    },
    "@edsilv/key-codes": {
      "version": "1.0.0",
      "resolved": "https://registry.npmjs.org/@edsilv/key-codes/-/key-codes-1.0.0.tgz",
      "integrity": "sha512-L4w4xW7u8Gqd1Nsr0S7Q/H+HTHTkiwgZT6cFKPPlw6Fo6lk31hTufdIaYJ9RNk8c05nLAnn2ZI1DzQwIDr6+iA=="
    },
    "@edsilv/utils": {
      "version": "1.0.2",
      "resolved": "https://registry.npmjs.org/@edsilv/utils/-/utils-1.0.2.tgz",
      "integrity": "sha512-sSq1Rcixz/X1GoL9Bf1LdAZ4icfxXARj5RgysG2eJhSuM/7QXZEbOzoayo/DJro1qJgC4j8oXCneSeKuN9qa+A==",
      "requires": {
        "@types/jquery": "^2.0.40",
        "@types/node": "8.10.52"
      }
    },
    "@google/3dom": {
      "version": "0.0.1-alpha.3",
      "resolved": "https://registry.npmjs.org/@google/3dom/-/3dom-0.0.1-alpha.3.tgz",
      "integrity": "sha512-zKMYdhFosEczvdglEpL+AJwcfc/1C+Y4Fks3XXaJvl32LwMhSlfhR+KQsXzEQ0OsSNgD/rahwgXwUkh5QEFlwg==",
      "requires": {
        "three": "^0.113.2"
      }
    },
    "@google/model-viewer": {
      "version": "0.9.0",
      "resolved": "https://registry.npmjs.org/@google/model-viewer/-/model-viewer-0.9.0.tgz",
      "integrity": "sha512-wgHBOzJGnKSWln5s4+8r9Jsf9/g7LOU2xgjCVt6Wz4ikahgrmt3yvRC6J2dEsns7RkdQFMwR3qiZCSgtsp7UTw==",
      "requires": {
        "@google/3dom": "0.0.1-alpha.3",
        "@types/resize-observer-browser": "^0.1.2",
        "@types/webgl2": "^0.0.5",
        "lit-element": "^2.2.0",
        "three": "^0.113.2"
      }
    },
    "@iiif/base-component": {
      "version": "2.0.1",
      "resolved": "https://registry.npmjs.org/@iiif/base-component/-/base-component-2.0.1.tgz",
      "integrity": "sha512-BbIyUinIYMfre6hZYLjkhXjlt6KB9yEuO3onUQcOatBmepe8cTFNov16GzwgMcNXU2tvzCXuZLSN73Nf1295BA==",
      "requires": {
        "@types/node": "8.10.52"
      }
    },
    "@iiif/iiif-av-component": {
      "version": "1.0.1",
      "resolved": "https://registry.npmjs.org/@iiif/iiif-av-component/-/iiif-av-component-1.0.1.tgz",
      "integrity": "sha512-p+2iY7Sa9c+ijxLhRVVFsOq+/CbR/N3WfbD8vfsL1iemcJY2XPArDDZ7zK3u7p4AecUZTR51cTJWA9HUav8RtA==",
      "requires": {
        "@iiif/base-component": "2.0.1",
        "@iiif/manifold": "2.0.2",
        "@types/jquery": "2.0.34",
        "@types/jqueryui": "1.11.36",
        "manifesto.js": "4.0.1"
      },
      "dependencies": {
        "@types/jquery": {
          "version": "2.0.34",
          "resolved": "https://registry.npmjs.org/@types/jquery/-/jquery-2.0.34.tgz",
          "integrity": "sha1-J2FbNp8w5XIzYSZRTnRnLdpuPQQ="
        }
      }
    },
    "@iiif/iiif-gallery-component": {
      "version": "1.1.19",
      "resolved": "https://registry.npmjs.org/@iiif/iiif-gallery-component/-/iiif-gallery-component-1.1.19.tgz",
      "integrity": "sha512-OHB3G0KvivufnR/9UVK9r/bb/tI8aWdfd7SvIrllZjsopAfAru2GUI+JKCko38oIk41682zVkMty2x6fSFYOYQ==",
      "requires": {
        "@edsilv/jquery-plugins": "1.0.7",
        "@edsilv/utils": "1.0.2",
        "@iiif/base-component": "2.0.1",
        "@iiif/manifold": "2.0.2",
        "@iiif/vocabulary": "1.0.11",
        "@types/jquery": "3.3.14",
        "manifesto.js": "4.0.1"
      },
      "dependencies": {
        "@iiif/vocabulary": {
          "version": "1.0.11",
          "resolved": "https://registry.npmjs.org/@iiif/vocabulary/-/vocabulary-1.0.11.tgz",
          "integrity": "sha512-JjPbZ+SCn0ljsfs9Nf0U1OWNZK7tauw7iHezDJA+28AAzmMwpFS/lTOe/4N0ynZsnk4x7cA9NL6CK3K0zDd50w=="
        },
        "@types/jquery": {
          "version": "3.3.14",
          "resolved": "https://registry.npmjs.org/@types/jquery/-/jquery-3.3.14.tgz",
          "integrity": "sha512-M6m6Xm6RtsmYOlGk7YS0D7T19Axsc3x30+Mj9b7Fqb4c7c2hPmvBJsrMmuhwJy96iSx/3BQkOmbtEKijs2iQPg==",
          "requires": {
            "@types/sizzle": "*"
          }
        }
      }
    },
    "@iiif/iiif-metadata-component": {
      "version": "1.1.19",
      "resolved": "https://registry.npmjs.org/@iiif/iiif-metadata-component/-/iiif-metadata-component-1.1.19.tgz",
      "integrity": "sha512-ghrejvw2aTIZOFGay82dmz0LewMt0K5Dyto1veZMdAqhRUuuGFC7g9DZhGZn4238XHuOsHa6QUH2ymvmZMCPBw==",
      "requires": {
        "@edsilv/jquery-plugins": "1.0.7",
        "@edsilv/utils": "1.0.2",
        "@iiif/base-component": "2.0.1",
        "@iiif/manifold": "2.0.2",
        "@iiif/vocabulary": "1.0.11",
        "@types/jquery": "3.3.14",
        "manifesto.js": "4.0.1"
      },
      "dependencies": {
        "@iiif/vocabulary": {
          "version": "1.0.11",
          "resolved": "https://registry.npmjs.org/@iiif/vocabulary/-/vocabulary-1.0.11.tgz",
          "integrity": "sha512-JjPbZ+SCn0ljsfs9Nf0U1OWNZK7tauw7iHezDJA+28AAzmMwpFS/lTOe/4N0ynZsnk4x7cA9NL6CK3K0zDd50w=="
        },
        "@types/jquery": {
          "version": "3.3.14",
          "resolved": "https://registry.npmjs.org/@types/jquery/-/jquery-3.3.14.tgz",
          "integrity": "sha512-M6m6Xm6RtsmYOlGk7YS0D7T19Axsc3x30+Mj9b7Fqb4c7c2hPmvBJsrMmuhwJy96iSx/3BQkOmbtEKijs2iQPg==",
          "requires": {
            "@types/sizzle": "*"
          }
        }
      }
    },
    "@iiif/iiif-tree-component": {
      "version": "2.0.3",
      "resolved": "https://registry.npmjs.org/@iiif/iiif-tree-component/-/iiif-tree-component-2.0.3.tgz",
      "integrity": "sha512-QRLgU1uwLZuPBDnKKVgjmXi88/Eevn0o/Tfrd8zFdTs+40iSEamzGpBQD3HLg02FC8TfTNAQPQjk8zEJXuWXTA==",
      "requires": {
        "@iiif/base-component": "2.0.1",
        "@iiif/manifold": "2.0.2",
        "@types/jquery": "2.0.34",
        "manifesto.js": "4.0.1"
      },
      "dependencies": {
        "@types/jquery": {
          "version": "2.0.34",
          "resolved": "https://registry.npmjs.org/@types/jquery/-/jquery-2.0.34.tgz",
          "integrity": "sha1-J2FbNp8w5XIzYSZRTnRnLdpuPQQ="
        }
      }
    },
    "@iiif/manifold": {
      "version": "2.0.2",
      "resolved": "https://registry.npmjs.org/@iiif/manifold/-/manifold-2.0.2.tgz",
      "integrity": "sha512-wZL7JzIGL09O1yIdaI+5tGuwhtIjOyL1SJN8mHsBiRKZqahDtsp/BkDQA7xM8XzDBzUhvobYNRuLnfZ1fQTJ2Q==",
      "requires": {
        "@edsilv/http-status-codes": "^1.0.3",
        "@iiif/vocabulary": "^1.0.11",
        "manifesto.js": "4.0.1"
      }
    },
    "@iiif/vocabulary": {
      "version": "1.0.16",
      "resolved": "https://registry.npmjs.org/@iiif/vocabulary/-/vocabulary-1.0.16.tgz",
      "integrity": "sha512-DI9KeHu78BplPrBWnDlDDxw+5pHWHN7oAMa1bCKtHCzeU+upxk0htREYE4f7f3zK2fEpEWnrCQUmGwVueutTJw=="
    },
    "@types/jquery": {
      "version": "2.0.54",
      "resolved": "https://registry.npmjs.org/@types/jquery/-/jquery-2.0.54.tgz",
      "integrity": "sha512-D/PomKwNkDfSKD13DEVQT/pq2TUjN54c6uB341fEZanIzkjfGe7UaFuuaLZbpEiS5j7Wk2MUHAZqZIoECw29lg=="
    },
    "@types/jqueryui": {
      "version": "1.11.36",
      "resolved": "https://registry.npmjs.org/@types/jqueryui/-/jqueryui-1.11.36.tgz",
      "integrity": "sha512-5nwSp1I4jcK9ubEIqsYm/SHoIiv24EIpuMMpbt6qkdiaY5Q+a47CE8RB3BjDZ5zVC0in/5262/p3HHCba1yCpg==",
      "requires": {
        "@types/jquery": "*"
      }
    },
    "@types/modernizr": {
      "version": "3.2.29",
      "resolved": "https://registry.npmjs.org/@types/modernizr/-/modernizr-3.2.29.tgz",
      "integrity": "sha1-AYKVKSIUQ5VxXGTdX4b9NsGuvr4="
    },
    "@types/node": {
      "version": "8.10.52",
      "resolved": "https://registry.npmjs.org/@types/node/-/node-8.10.52.tgz",
      "integrity": "sha512-2RbW7WXeLex6RI+kQSxq6Ym0GiVcODeQ4Km7MnnTX5BHdOGQnqVa+s6AUmAW+OFYAJ8wv9QxvNZXm7/kBdGTVw=="
    },
    "@types/resize-observer-browser": {
      "version": "0.1.3",
      "resolved": "https://registry.npmjs.org/@types/resize-observer-browser/-/resize-observer-browser-0.1.3.tgz",
      "integrity": "sha512-3tGjLIDH8L57fWOfC7NVn/BbGQD7pXwbkk2+8Z4hK/S7kOIv1MUN4nkKjfx0qg4ctkukjzp3Bgr/Z+Hq5ZQZTQ=="
    },
    "@types/sizzle": {
      "version": "2.3.2",
      "resolved": "https://registry.npmjs.org/@types/sizzle/-/sizzle-2.3.2.tgz",
      "integrity": "sha512-7EJYyKTL7tFR8+gDbB6Wwz/arpGa0Mywk1TJbNzKzHtzbwVmY4HR9WqS5VV7dsBUKQmPNr192jHr/VpBluj/hg=="
    },
    "@types/webgl2": {
      "version": "0.0.5",
      "resolved": "https://registry.npmjs.org/@types/webgl2/-/webgl2-0.0.5.tgz",
      "integrity": "sha512-oGaKsBbxQOY5+aJFV3KECDhGaXt+yZJt2y/OZsnQGLRkH6Fvr7rv4pCt3SRH1somIHfej/c4u7NSpCyd9x+1Ow=="
    },
    "@universalviewer/uv-cy-gb-theme": {
      "version": "1.1.2",
      "resolved": "https://registry.npmjs.org/@universalviewer/uv-cy-gb-theme/-/uv-cy-gb-theme-1.1.2.tgz",
      "integrity": "sha512-tNM7t1w70umNOyzORQcQKsykC5nDqQXklHesKF/v1FmnaqHTJWsJ5M5CUfU1RZzxGeW7kiPuWU2Rnd3uFS4dBw=="
    },
    "@universalviewer/uv-en-gb-theme": {
      "version": "1.1.3",
      "resolved": "https://registry.npmjs.org/@universalviewer/uv-en-gb-theme/-/uv-en-gb-theme-1.1.3.tgz",
      "integrity": "sha512-hFssB3ordWt6rwM+sqi2GU2XQ3fS056ksmTtPO/1csht8Jdf0YzxtjTIv6xhF8DWgk28eYFL4w5E7i8QKbUCRA=="
    },
    "@webcomponents/webcomponentsjs": {
      "version": "2.4.3",
      "resolved": "https://registry.npmjs.org/@webcomponents/webcomponentsjs/-/webcomponentsjs-2.4.3.tgz",
      "integrity": "sha512-cV4+sAmshf8ysU2USutrSRYQkJzEYKHsRCGa0CkMElGpG5747VHtkfsW3NdVIBV/m2MDKXTDydT4lkrysH7IFA=="
    },
    "ajv": {
      "version": "6.12.2",
      "resolved": "https://registry.npmjs.org/ajv/-/ajv-6.12.2.tgz",
      "integrity": "sha512-k+V+hzjm5q/Mr8ef/1Y9goCmlsK4I6Sm74teeyGvFk1XrOsbsKLjEdrvny42CZ+a8sXbk8KWpY/bDwS+FLL2UQ==",
      "requires": {
        "fast-deep-equal": "^3.1.1",
        "fast-json-stable-stringify": "^2.0.0",
        "json-schema-traverse": "^0.4.1",
        "uri-js": "^4.2.2"
      },
      "dependencies": {
        "fast-deep-equal": {
          "version": "3.1.1",
          "resolved": "https://registry.npmjs.org/fast-deep-equal/-/fast-deep-equal-3.1.1.tgz",
          "integrity": "sha512-8UEa58QDLauDNfpbrX55Q9jrGHThw2ZMdOky5Gl1CDtVeJDPVrG4Jxx1N8jw2gkWaff5UUuX1KJd+9zGe2B+ZA=="
        }
      }
    },
    "ajv-keywords": {
      "version": "3.4.1",
      "resolved": "https://registry.npmjs.org/ajv-keywords/-/ajv-keywords-3.4.1.tgz",
      "integrity": "sha512-RO1ibKvd27e6FEShVFfPALuHI3WjSVNeK5FIsmme/LYRNxjKuNj+Dt7bucLa6NdSv3JcVTyMlm9kGR84z1XpaQ=="
    },
    "ansi-escapes": {
      "version": "1.4.0",
      "resolved": "https://registry.npmjs.org/ansi-escapes/-/ansi-escapes-1.4.0.tgz",
      "integrity": "sha1-06ioOzGapneTZisT52HHkRQiMG4="
    },
    "ansi-regex": {
      "version": "2.1.1",
      "resolved": "https://registry.npmjs.org/ansi-regex/-/ansi-regex-2.1.1.tgz",
      "integrity": "sha1-w7M6te42DYbg5ijwRorn7yfWVN8="
    },
    "ansi-styles": {
      "version": "2.2.1",
      "resolved": "https://registry.npmjs.org/ansi-styles/-/ansi-styles-2.2.1.tgz",
      "integrity": "sha1-tDLdM1i2NM914eRmQ2gkBTPB3b4="
    },
    "async": {
      "version": "1.5.2",
      "resolved": "https://registry.npmjs.org/async/-/async-1.5.2.tgz",
      "integrity": "sha1-7GphrlZIDAw8skHJVhjiCJL5Zyo="
    },
    "babel-polyfill": {
      "version": "6.23.0",
      "resolved": "https://registry.npmjs.org/babel-polyfill/-/babel-polyfill-6.23.0.tgz",
      "integrity": "sha1-g2TKYt+Or7gwSZ9pkXdGbDsDSZ0=",
      "requires": {
        "babel-runtime": "^6.22.0",
        "core-js": "^2.4.0",
        "regenerator-runtime": "^0.10.0"
      }
    },
    "babel-runtime": {
      "version": "6.26.0",
      "resolved": "https://registry.npmjs.org/babel-runtime/-/babel-runtime-6.26.0.tgz",
      "integrity": "sha1-llxwWGaOgrVde/4E/yM3vItWR/4=",
      "requires": {
        "core-js": "^2.4.0",
        "regenerator-runtime": "^0.11.0"
      },
      "dependencies": {
        "regenerator-runtime": {
          "version": "0.11.1",
          "resolved": "https://registry.npmjs.org/regenerator-runtime/-/regenerator-runtime-0.11.1.tgz",
          "integrity": "sha512-MguG95oij0fC3QV3URf4V2SDYGJhJnJGqvIIgdECeODCT98wSWDAJ94SSuVpYQUoTcGUIL6L4yNB7j1DFFHSBg=="
        }
      }
    },
    "balanced-match": {
      "version": "1.0.0",
      "resolved": "https://registry.npmjs.org/balanced-match/-/balanced-match-1.0.0.tgz",
      "integrity": "sha1-ibTRmasr7kneFk6gK4nORi1xt2c=",
      "dev": true
    },
    "big.js": {
      "version": "5.2.2",
      "resolved": "https://registry.npmjs.org/big.js/-/big.js-5.2.2.tgz",
      "integrity": "sha512-vyL2OymJxmarO8gxMr0mhChsO9QGwhynfuu4+MHTAW6czfq9humCB7rKpUjDd9YUiDPU4mzpyupFSvOClAwbmQ=="
    },
    "brace-expansion": {
      "version": "1.1.11",
      "resolved": "https://registry.npmjs.org/brace-expansion/-/brace-expansion-1.1.11.tgz",
      "integrity": "sha512-iCuPHDFgrHX7H2vEI/5xpz07zSHB00TpugqhmYtVmMO6518mCuRMoOYFldEBl0g187ufozdaHgWKcYFb61qGiA==",
      "dev": true,
      "requires": {
        "balanced-match": "^1.0.0",
        "concat-map": "0.0.1"
      }
    },
    "chalk": {
      "version": "1.1.3",
      "resolved": "https://registry.npmjs.org/chalk/-/chalk-1.1.3.tgz",
      "integrity": "sha1-qBFcVeSnAv5NFQq9OHKCKn4J/Jg=",
      "requires": {
        "ansi-styles": "^2.2.1",
        "escape-string-regexp": "^1.0.2",
        "has-ansi": "^2.0.0",
        "strip-ansi": "^3.0.0",
        "supports-color": "^2.0.0"
      }
    },
    "chardet": {
      "version": "0.4.2",
      "resolved": "https://registry.npmjs.org/chardet/-/chardet-0.4.2.tgz",
      "integrity": "sha1-tUc7M9yXxCTl2Y3IfVXU2KKci/I="
    },
    "cli-cursor": {
      "version": "2.1.0",
      "resolved": "https://registry.npmjs.org/cli-cursor/-/cli-cursor-2.1.0.tgz",
      "integrity": "sha1-s12sN2R5+sw+lHR9QdDQ9SOP/LU=",
      "requires": {
        "restore-cursor": "^2.0.0"
      }
    },
    "cli-width": {
      "version": "2.2.1",
      "resolved": "https://registry.npmjs.org/cli-width/-/cli-width-2.2.1.tgz",
      "integrity": "sha512-GRMWDxpOB6Dgk2E5Uo+3eEBvtOOlimMmpbFiKuLFnQzYDavtLFY3K5ona41jgN/WdRZtG7utuVSVTL4HbZHGkw=="
    },
    "codem-isoboxer": {
      "version": "0.3.5",
      "resolved": "https://registry.npmjs.org/codem-isoboxer/-/codem-isoboxer-0.3.5.tgz",
      "integrity": "sha512-F+OY4gCwxe+YnsqOkQTPrnRqoncAUmxqXNdgmuCE3Omvl3WQ9WLvhSJUZ0IGJljoxkdwpCQdPdcdMEPJnOQ1Ow=="
    },
    "colors": {
      "version": "1.0.3",
      "resolved": "https://registry.npmjs.org/colors/-/colors-1.0.3.tgz",
      "integrity": "sha1-BDP0TYCWgP3rYO0mDxsMJi6CpAs="
    },
    "commander": {
      "version": "2.20.3",
      "resolved": "https://registry.npmjs.org/commander/-/commander-2.20.3.tgz",
      "integrity": "sha512-GpVkmM8vF2vQUkj2LvZmD35JxeJOLCwJ9cUkugyk2nuhbv3+mJvpLYYt+0+USMxE+oj+ey/lJEnhZw75x/OMcQ=="
    },
    "concat-map": {
      "version": "0.0.1",
      "resolved": "https://registry.npmjs.org/concat-map/-/concat-map-0.0.1.tgz",
      "integrity": "sha1-2Klr13/Wjfd5OnMDajug1UBdR3s=",
      "dev": true
    },
    "core-js": {
      "version": "2.4.1",
      "resolved": "https://registry.npmjs.org/core-js/-/core-js-2.4.1.tgz",
      "integrity": "sha1-TekR5mew6ukSTjQlS1OupvxhjT4="
    },
    "corser": {
      "version": "2.0.1",
      "resolved": "https://registry.npmjs.org/corser/-/corser-2.0.1.tgz",
      "integrity": "sha1-jtolLsqrWEDc2XXOuQ2TcMgZ/4c="
    },
    "cssfilter": {
      "version": "0.0.10",
      "resolved": "https://registry.npmjs.org/cssfilter/-/cssfilter-0.0.10.tgz",
      "integrity": "sha1-xtJnJjKi5cg+AT5oZKQs6N79IK4="
    },
    "dashjs": {
      "version": "2.6.7",
      "resolved": "https://registry.npmjs.org/dashjs/-/dashjs-2.6.7.tgz",
      "integrity": "sha512-SzGyRZ6Lr8COz6gDuOWZhqjoY+4a8uQw5Vd/Q5H96mC0PX1SQBtvQsLtZyVXRYsVKLXhHQhX2WS7ZghgNHyfWw==",
      "requires": {
        "codem-isoboxer": "0.3.5",
        "fast-deep-equal": "1.1.0",
        "imsc": "^1.0.1-rc.1",
        "round10": "^1.0.3"
      }
    },
    "debug": {
      "version": "2.6.9",
      "resolved": "https://registry.npmjs.org/debug/-/debug-2.6.9.tgz",
      "integrity": "sha1-XRKFFd8TT/Mn6QpMk/Tgd6U2NB8=",
      "requires": {
        "ms": "2.0.0"
      }
    },
    "dom-walk": {
      "version": "0.1.2",
      "resolved": "https://registry.npmjs.org/dom-walk/-/dom-walk-0.1.2.tgz",
      "integrity": "sha512-6QvTW9mrGeIegrFXdtQi9pk7O/nSK6lSdXW2eqUspN5LWD7UTji2Fqw5V2YLjBpHEoU9Xl/eUWNpDeZvoyOv2w=="
    },
    "ecstatic": {
      "version": "3.2.0",
      "resolved": "https://registry.npmjs.org/ecstatic/-/ecstatic-3.2.0.tgz",
      "integrity": "sha1-GxruHKfGuZz7XPbJsmtIG5DEQJ8=",
      "requires": {
        "he": "^1.1.1",
        "mime": "^1.4.1",
        "minimist": "^1.1.0",
        "url-join": "^2.0.2"
      }
    },
    "emojis-list": {
      "version": "3.0.0",
      "resolved": "https://registry.npmjs.org/emojis-list/-/emojis-list-3.0.0.tgz",
      "integrity": "sha512-/kyM18EfinwXZbno9FyUGeFh87KC8HRQBQGildHZbEuRyWFOmv1U10o9BBp8XVZDVNNuQKyIGIu5ZYAAXJ0V2Q=="
    },
    "encoding": {
      "version": "0.1.12",
      "resolved": "https://registry.npmjs.org/encoding/-/encoding-0.1.12.tgz",
      "integrity": "sha1-U4tm8+5izRq1HsMjgp0flIDHS+s=",
      "requires": {
        "iconv-lite": "~0.4.13"
      }
    },
    "escape-string-regexp": {
      "version": "1.0.5",
      "resolved": "https://registry.npmjs.org/escape-string-regexp/-/escape-string-regexp-1.0.5.tgz",
      "integrity": "sha1-G2HAViGQqN/2rjuyzwIAyhMLhtQ="
    },
    "eventemitter3": {
      "version": "1.2.0",
      "resolved": "https://registry.npmjs.org/eventemitter3/-/eventemitter3-1.2.0.tgz",
      "integrity": "sha1-HIaZHYFq0eUEdQ5zh0Ik7PO+xQg="
    },
    "external-editor": {
      "version": "2.2.0",
      "resolved": "https://registry.npmjs.org/external-editor/-/external-editor-2.2.0.tgz",
      "integrity": "sha512-bSn6gvGxKt+b7+6TKEv1ZycHleA7aHhRHyAqJyp5pbUFuYYNIzpZnQDk7AsYckyWdEnTeAnay0aCy2aV6iTk9A==",
      "requires": {
        "chardet": "^0.4.0",
        "iconv-lite": "^0.4.17",
        "tmp": "^0.0.33"
      }
    },
    "fast-deep-equal": {
      "version": "1.1.0",
      "resolved": "https://registry.npmjs.org/fast-deep-equal/-/fast-deep-equal-1.1.0.tgz",
      "integrity": "sha1-wFNHeBfIa1HaqFPIHgWbcz0CNhQ="
    },
    "fast-json-stable-stringify": {
      "version": "2.1.0",
      "resolved": "https://registry.npmjs.org/fast-json-stable-stringify/-/fast-json-stable-stringify-2.1.0.tgz",
      "integrity": "sha512-lhd/wF+Lk98HZoTCtlVraHtfh5XYijIjalXck7saUtuanSDyLMxnHhSXEDJqHxD7msR8D0uCmqlkwjCV8xvwHw=="
    },
    "figures": {
      "version": "2.0.0",
      "resolved": "https://registry.npmjs.org/figures/-/figures-2.0.0.tgz",
      "integrity": "sha1-OrGi0qYsi/tDGgyUy3l6L84nyWI=",
      "requires": {
        "escape-string-regexp": "^1.0.5"
      }
    },
    "fs.realpath": {
      "version": "1.0.0",
      "resolved": "https://registry.npmjs.org/fs.realpath/-/fs.realpath-1.0.0.tgz",
      "integrity": "sha1-FQStJSMVjKpA20onh8sBQRmU6k8=",
      "dev": true
    },
    "glob": {
      "version": "7.1.3",
      "resolved": "https://registry.npmjs.org/glob/-/glob-7.1.3.tgz",
      "integrity": "sha512-vcfuiIxogLV4DlGBHIUOwI0IbrJ8HWPc4MU7HzviGeNho/UJDfi6B5p3sHeWIQ0KGIU0Jpxi5ZHxemQfLkkAwQ==",
      "dev": true,
      "requires": {
        "fs.realpath": "^1.0.0",
        "inflight": "^1.0.4",
        "inherits": "2",
        "minimatch": "^3.0.4",
        "once": "^1.3.0",
        "path-is-absolute": "^1.0.0"
      }
    },
    "global": {
      "version": "4.4.0",
      "resolved": "https://registry.npmjs.org/global/-/global-4.4.0.tgz",
      "integrity": "sha512-wv/LAoHdRE3BeTGz53FAamhGlPLhlssK45usmGFThIi4XqnBmjKQ16u+RNbP7WvigRZDxUsM0J3gcQ5yicaL0w==",
      "requires": {
        "min-document": "^2.19.0",
        "process": "^0.11.10"
      }
    },
    "has-ansi": {
      "version": "2.0.0",
      "resolved": "https://registry.npmjs.org/has-ansi/-/has-ansi-2.0.0.tgz",
      "integrity": "sha1-NPUEnOHs3ysGSa8+8k5F7TVBbZE=",
      "requires": {
        "ansi-regex": "^2.0.0"
      }
    },
    "he": {
      "version": "1.1.1",
      "resolved": "https://registry.npmjs.org/he/-/he-1.1.1.tgz",
      "integrity": "sha1-k0EP0hsAlzUVH4howvJx80J+I/0="
    },
    "hls.js": {
      "version": "0.9.1",
      "resolved": "https://registry.npmjs.org/hls.js/-/hls.js-0.9.1.tgz",
      "integrity": "sha512-IklU+BgobPNIc6NMY+pyxElbwWKM7QmP2u0afB7KSK/1btAknTkDJmXasb4628EjgynjgDOVMmQ9sLg73S+lwQ==",
      "requires": {
        "string.prototype.endswith": "^0.2.0",
        "url-toolkit": "^2.1.2"
      }
    },
    "http-proxy": {
      "version": "1.16.2",
      "resolved": "https://registry.npmjs.org/http-proxy/-/http-proxy-1.16.2.tgz",
      "integrity": "sha1-Bt/ykpUr9k2+hHH6nfcwZtTzd0I=",
      "requires": {
        "eventemitter3": "1.x.x",
        "requires-port": "1.x.x"
      }
    },
    "http-server": {
      "version": "0.11.1",
      "resolved": "https://registry.npmjs.org/http-server/-/http-server-0.11.1.tgz",
      "integrity": "sha1-IwKlam/+9/mr6gFH2Dil6ba2p5s=",
      "requires": {
        "colors": "1.0.3",
        "corser": "~2.0.0",
        "ecstatic": "^3.0.0",
        "http-proxy": "^1.8.1",
        "opener": "~1.4.0",
        "optimist": "0.6.x",
        "portfinder": "^1.0.13",
        "union": "~0.4.3"
      }
    },
    "iconv-lite": {
      "version": "0.4.24",
      "resolved": "https://registry.npmjs.org/iconv-lite/-/iconv-lite-0.4.24.tgz",
      "integrity": "sha512-v3MXnZAcvnywkTUEZomIActle7RXXeedOR31wwl7VlyoXO4Qi9arvSenNQWne1TcRwhCL1HwLI21bEqdpj8/rA==",
      "requires": {
        "safer-buffer": ">= 2.1.2 < 3"
      }
    },
    "imsc": {
      "version": "1.1.1",
      "resolved": "https://registry.npmjs.org/imsc/-/imsc-1.1.1.tgz",
      "integrity": "sha512-kfWjrmg/vdcqM65FPxpq46RyxKTpfMikDk0PhXOeAlZ6o1OkWBZsll4TlmSj261WcuNT252VBB0aGqSQ+vBZ/A==",
      "requires": {
        "sax": "1.2.1"
      }
    },
    "inflight": {
      "version": "1.0.6",
      "resolved": "https://registry.npmjs.org/inflight/-/inflight-1.0.6.tgz",
      "integrity": "sha1-Sb1jMdfQLQwJvJEKEHW6gWW1bfk=",
      "dev": true,
      "requires": {
        "once": "^1.3.0",
        "wrappy": "1"
      }
    },
    "inherits": {
      "version": "2.0.3",
      "resolved": "https://registry.npmjs.org/inherits/-/inherits-2.0.3.tgz",
      "integrity": "sha1-Yzwsg+PaQqUC9SRmAiSA9CCCYd4=",
      "dev": true
    },
    "inquirer": {
      "version": "3.0.6",
      "resolved": "https://registry.npmjs.org/inquirer/-/inquirer-3.0.6.tgz",
      "integrity": "sha1-4EqqnQW3o8ubD0B9BDdfBEcZA0c=",
      "requires": {
        "ansi-escapes": "^1.1.0",
        "chalk": "^1.0.0",
        "cli-cursor": "^2.1.0",
        "cli-width": "^2.0.0",
        "external-editor": "^2.0.1",
        "figures": "^2.0.0",
        "lodash": "^4.3.0",
        "mute-stream": "0.0.7",
        "run-async": "^2.2.0",
        "rx": "^4.1.0",
        "string-width": "^2.0.0",
        "strip-ansi": "^3.0.0",
        "through": "^2.3.6"
      }
    },
    "is-fullwidth-code-point": {
      "version": "2.0.0",
      "resolved": "https://registry.npmjs.org/is-fullwidth-code-point/-/is-fullwidth-code-point-2.0.0.tgz",
      "integrity": "sha1-o7MKXE8ZkYMWeqq5O+764937ZU8="
    },
    "is-stream": {
      "version": "1.1.0",
      "resolved": "https://registry.npmjs.org/is-stream/-/is-stream-1.1.0.tgz",
      "integrity": "sha1-EtSj3U5o4Lec6428hBc66A2RykQ="
    },
    "isomorphic-unfetch": {
      "version": "3.0.0",
      "resolved": "https://registry.npmjs.org/isomorphic-unfetch/-/isomorphic-unfetch-3.0.0.tgz",
      "integrity": "sha512-V0tmJSYfkKokZ5mgl0cmfQMTb7MLHsBMngTkbLY0eXvKqiVRRoZP04Ly+KhKrJfKtzC9E6Pp15Jo+bwh7Vi2XQ==",
      "requires": {
        "node-fetch": "^2.2.0",
        "unfetch": "^4.0.0"
      }
    },
    "jquery": {
      "version": "3.3.1",
      "resolved": "https://registry.npmjs.org/jquery/-/jquery-3.3.1.tgz",
      "integrity": "sha512-Ubldcmxp5np52/ENotGxlLe6aGMvmF4R8S6tZjsP6Knsaxd/xp3Zrh50cG93lR6nPXyUFwzN3ZSOQI0wRJNdGg=="
    },
    "jquery-binarytransport": {
      "version": "1.0.0",
      "resolved": "https://registry.npmjs.org/jquery-binarytransport/-/jquery-binarytransport-1.0.0.tgz",
      "integrity": "sha1-nxxtNlxeEbVk9xELu72i8TrztcM="
    },
    "jquery-ui-dist": {
      "version": "1.12.1",
      "resolved": "https://registry.npmjs.org/jquery-ui-dist/-/jquery-ui-dist-1.12.1.tgz",
      "integrity": "sha1-XAgV08xvkP9fqvWyaKbiO0ypBPo="
    },
    "jquery-ui-touch-punch": {
      "version": "0.2.3",
      "resolved": "https://registry.npmjs.org/jquery-ui-touch-punch/-/jquery-ui-touch-punch-0.2.3.tgz",
      "integrity": "sha1-7tgiQnM7okP0az6HwYQbMIGR2mg="
    },
    "json-schema-traverse": {
      "version": "0.4.1",
      "resolved": "https://registry.npmjs.org/json-schema-traverse/-/json-schema-traverse-0.4.1.tgz",
      "integrity": "sha512-xbbCH5dCYU5T8LcEhhuh7HJ88HXuW3qsI3Y0zOZFKfZEHcpWiHU/Jxzk629Brsab/mMiHQti9wMP+845RPe3Vg=="
    },
    "json5": {
      "version": "1.0.1",
      "resolved": "https://registry.npmjs.org/json5/-/json5-1.0.1.tgz",
      "integrity": "sha512-aKS4WQjPenRxiQsC93MNfjx+nbF4PAdYzmd/1JIj8HYzqfbu86beTuNgXDzPknWk0n0uARlyewZo4s++ES36Ow==",
      "requires": {
        "minimist": "^1.2.0"
      }
    },
    "jsviews": {
      "version": "0.9.83",
      "resolved": "https://registry.npmjs.org/jsviews/-/jsviews-0.9.83.tgz",
      "integrity": "sha1-BpsFEigz0jFVzDziwtn7LPeJqYo="
    },
    "lit-element": {
      "version": "2.3.1",
      "resolved": "https://registry.npmjs.org/lit-element/-/lit-element-2.3.1.tgz",
      "integrity": "sha512-tOcUAmeO3BzwiQ7FGWdsshNvC0HVHcTFYw/TLIImmKwXYoV0E7zCBASa8IJ7DiP4cen/Yoj454gS0qqTnIGsFA==",
      "requires": {
        "lit-html": "^1.1.1"
      }
    },
    "lit-html": {
      "version": "1.2.1",
      "resolved": "https://registry.npmjs.org/lit-html/-/lit-html-1.2.1.tgz",
      "integrity": "sha512-GSJHHXMGLZDzTRq59IUfL9FCdAlGfqNp/dEa7k7aBaaWD+JKaCjsAk9KYm2V12ItonVaYx2dprN66Zdm1AuBTQ=="
    },
    "loader-utils": {
      "version": "1.4.0",
      "resolved": "https://registry.npmjs.org/loader-utils/-/loader-utils-1.4.0.tgz",
      "integrity": "sha512-qH0WSMBtn/oHuwjy/NucEgbx5dbxxnxup9s4PVXJUDHZBQY+s0NWA9rJf53RBnQZxfch7euUui7hpoAPvALZdA==",
      "requires": {
        "big.js": "^5.2.2",
        "emojis-list": "^3.0.0",
        "json5": "^1.0.1"
      }
    },
    "lodash": {
      "version": "4.17.15",
      "resolved": "https://registry.npmjs.org/lodash/-/lodash-4.17.15.tgz",
      "integrity": "sha512-8xOcRHvCjnocdS5cpwXQXVzmmh5e5+saE2QGoeQmbKmRS6J3VQppPOIt0MnmE+4xlZoumy0GPG0D0MVIQbNA1A=="
    },
    "manifesto.js": {
      "version": "4.0.1",
      "resolved": "https://registry.npmjs.org/manifesto.js/-/manifesto.js-4.0.1.tgz",
      "integrity": "sha512-COHlq5zd+qWk7rP1iWAbSN9aMw+xPpSgKl9MVvvT3RP8J7mvY4wVsifyJTPdpJBV2k8hjjvACET/Qz2tzVwcqw==",
      "requires": {
        "@edsilv/http-status-codes": "^1.0.3",
        "@iiif/vocabulary": "^1.0.11",
        "isomorphic-unfetch": "^3.0.0"
      }
    },
    "mediaelement": {
      "version": "4.2.15",
      "resolved": "https://registry.npmjs.org/mediaelement/-/mediaelement-4.2.15.tgz",
      "integrity": "sha512-WMdzx6Vwzqpby6ooLiCpB/EZyWKtmlWrp9nr325ORJP58mv1FyLcT/1U2LDLXruLp+E/9R9kIdJkfGGnsi6rLg==",
      "requires": {
        "global": "^4.3.1"
      }
    },
    "mime": {
      "version": "1.6.0",
      "resolved": "https://registry.npmjs.org/mime/-/mime-1.6.0.tgz",
      "integrity": "sha1-Ms2eXGRVO9WNGaVor0Uqz/BJgbE="
    },
    "mimic-fn": {
      "version": "1.2.0",
      "resolved": "https://registry.npmjs.org/mimic-fn/-/mimic-fn-1.2.0.tgz",
      "integrity": "sha512-jf84uxzwiuiIVKiOLpfYk7N46TSy8ubTonmneY9vrpHNAnp0QBt2BxWV9dO3/j+BoVAb+a5G6YDPW3M5HOdMWQ=="
    },
    "min-document": {
      "version": "2.19.0",
      "resolved": "https://registry.npmjs.org/min-document/-/min-document-2.19.0.tgz",
      "integrity": "sha1-e9KC4/WELtKVu3SM3Z8f+iyCRoU=",
      "requires": {
        "dom-walk": "^0.1.0"
      }
    },
    "minimatch": {
      "version": "3.0.4",
      "resolved": "https://registry.npmjs.org/minimatch/-/minimatch-3.0.4.tgz",
      "integrity": "sha512-yJHVQEhyqPLUTgt9B83PXu6W3rx4MvvHvSUvToogpwoGDOUQ+yDrR0HRot+yOCdCO7u4hX3pWft6kWBBcqh0UA==",
      "dev": true,
      "requires": {
        "brace-expansion": "^1.1.7"
      }
    },
    "minimist": {
      "version": "1.2.0",
      "resolved": "https://registry.npmjs.org/minimist/-/minimist-1.2.0.tgz",
      "integrity": "sha1-o1AIsg9BOD7sH7kU9M1d95omQoQ="
    },
    "mkdirp": {
      "version": "0.5.1",
      "resolved": "https://registry.npmjs.org/mkdirp/-/mkdirp-0.5.1.tgz",
      "integrity": "sha1-MAV0OOrGz3+MR2fzhkjWaX11yQM=",
      "requires": {
        "minimist": "0.0.8"
      },
      "dependencies": {
        "minimist": {
          "version": "0.0.8",
          "resolved": "http://registry.npmjs.org/minimist/-/minimist-0.0.8.tgz",
          "integrity": "sha1-hX/Kv8M5fSYluCKCYuhqp6ARsF0="
        }
      }
    },
    "ms": {
      "version": "2.0.0",
      "resolved": "https://registry.npmjs.org/ms/-/ms-2.0.0.tgz",
      "integrity": "sha1-VgiurfwAvmwpAd9fmGF4jeDVl8g="
    },
    "mute-stream": {
      "version": "0.0.7",
      "resolved": "https://registry.npmjs.org/mute-stream/-/mute-stream-0.0.7.tgz",
      "integrity": "sha1-MHXOk7whuPq0PhvE2n6BFe0ee6s="
    },
    "node-ensure": {
      "version": "0.0.0",
      "resolved": "https://registry.npmjs.org/node-ensure/-/node-ensure-0.0.0.tgz",
      "integrity": "sha1-7K52QVDemYYexcgQ/V0Jaxg5Mqc="
    },
    "node-fetch": {
      "version": "2.6.0",
      "resolved": "https://registry.npmjs.org/node-fetch/-/node-fetch-2.6.0.tgz",
      "integrity": "sha512-8dG4H5ujfvFiqDmVu9fQ5bOHUC15JMjMY/Zumv26oOvvVJjM67KF8koCWIabKQ1GJIa9r2mMZscBq/TbdOcmNA=="
    },
    "object-assign": {
      "version": "4.1.1",
      "resolved": "https://registry.npmjs.org/object-assign/-/object-assign-4.1.1.tgz",
      "integrity": "sha1-IQmtx5ZYh8/AXLvUQsrIv7s2CGM="
    },
    "once": {
      "version": "1.4.0",
      "resolved": "https://registry.npmjs.org/once/-/once-1.4.0.tgz",
      "integrity": "sha1-WDsap3WWHUsROsF9nFC6753Xa9E=",
      "dev": true,
      "requires": {
        "wrappy": "1"
      }
    },
    "onetime": {
      "version": "2.0.1",
      "resolved": "https://registry.npmjs.org/onetime/-/onetime-2.0.1.tgz",
      "integrity": "sha1-BnQoIw/WdEOyeUsiu6UotoZ5YtQ=",
      "requires": {
        "mimic-fn": "^1.0.0"
      }
    },
    "opencollective": {
      "version": "1.0.3",
      "resolved": "https://registry.npmjs.org/opencollective/-/opencollective-1.0.3.tgz",
      "integrity": "sha1-ruY3K8KBRFg2kMPKja7PwSDdDvE=",
      "requires": {
        "babel-polyfill": "6.23.0",
        "chalk": "1.1.3",
        "inquirer": "3.0.6",
        "minimist": "1.2.0",
        "node-fetch": "1.6.3",
        "opn": "4.0.2"
      },
      "dependencies": {
        "node-fetch": {
          "version": "1.6.3",
          "resolved": "https://registry.npmjs.org/node-fetch/-/node-fetch-1.6.3.tgz",
          "integrity": "sha1-3CNO3WSJmC1Y6PDbT2lQKavNjAQ=",
          "requires": {
            "encoding": "^0.1.11",
            "is-stream": "^1.0.1"
          }
        }
      }
    },
    "opener": {
      "version": "1.4.3",
      "resolved": "https://registry.npmjs.org/opener/-/opener-1.4.3.tgz",
      "integrity": "sha1-XG2ixdflgx6P+jlklQ+NZnSskLg="
    },
    "openseadragon": {
      "version": "2.4.2",
      "resolved": "https://registry.npmjs.org/openseadragon/-/openseadragon-2.4.2.tgz",
      "integrity": "sha512-398KbZwRtOYA6OmeWRY4Q0737NTacQ9Q6whmr9Lp1MNQO3p0eBz5LIASRne+4gwequcSM1vcHcjfy3dIndQziw=="
    },
    "opn": {
      "version": "4.0.2",
      "resolved": "https://registry.npmjs.org/opn/-/opn-4.0.2.tgz",
      "integrity": "sha1-erwi5kTf9jsKltWrfyeQwPAavJU=",
      "requires": {
        "object-assign": "^4.0.1",
        "pinkie-promise": "^2.0.0"
      }
    },
    "optimist": {
      "version": "0.6.1",
      "resolved": "http://registry.npmjs.org/optimist/-/optimist-0.6.1.tgz",
      "integrity": "sha1-2j6nRob6IaGaERwybpDrFaAZZoY=",
      "requires": {
        "minimist": "~0.0.1",
        "wordwrap": "~0.0.2"
      },
      "dependencies": {
        "minimist": {
          "version": "0.0.10",
          "resolved": "http://registry.npmjs.org/minimist/-/minimist-0.0.10.tgz",
          "integrity": "sha1-3j+YVD2/lggr5IrRoMfNqDYwHc8="
        }
      }
    },
    "os-tmpdir": {
      "version": "1.0.2",
      "resolved": "https://registry.npmjs.org/os-tmpdir/-/os-tmpdir-1.0.2.tgz",
      "integrity": "sha1-u+Z0BseaqFxc/sdm/lc0VV36EnQ="
    },
    "path-is-absolute": {
      "version": "1.0.1",
      "resolved": "https://registry.npmjs.org/path-is-absolute/-/path-is-absolute-1.0.1.tgz",
      "integrity": "sha1-F0uSaHNVNP+8es5r9TpanhtcX18=",
      "dev": true
    },
    "pdfjs-dist": {
      "version": "2.0.161",
      "resolved": "https://registry.npmjs.org/pdfjs-dist/-/pdfjs-dist-2.0.161.tgz",
      "integrity": "sha1-TVKSOhgK7k4EPOuMJTsW4+v1D3Q=",
      "requires": {
        "node-ensure": "^0.0.0",
        "worker-loader": "^1.0.0"
      }
    },
    "pdfobject": {
      "version": "2.1.1",
      "resolved": "https://registry.npmjs.org/pdfobject/-/pdfobject-2.1.1.tgz",
      "integrity": "sha512-QFktTHyjs4q/WhGFfV2RdAbscPdNkyQb/JfFz18cwILvs9ocDiYVFAEh/jgkKGv6my+r4nlbLjwj7BHFKAupHQ=="
    },
    "pinkie": {
      "version": "2.0.4",
      "resolved": "https://registry.npmjs.org/pinkie/-/pinkie-2.0.4.tgz",
      "integrity": "sha1-clVrgM+g1IqXToDnckjoDtT3+HA="
    },
    "pinkie-promise": {
      "version": "2.0.1",
      "resolved": "https://registry.npmjs.org/pinkie-promise/-/pinkie-promise-2.0.1.tgz",
      "integrity": "sha1-ITXW36ejWMBprJsXh3YogihFD/o=",
      "requires": {
        "pinkie": "^2.0.0"
      }
    },
    "portfinder": {
      "version": "1.0.13",
      "resolved": "https://registry.npmjs.org/portfinder/-/portfinder-1.0.13.tgz",
      "integrity": "sha1-uzLs2HwnEErm7kS1o8y/Drsa7ek=",
      "requires": {
        "async": "^1.5.2",
        "debug": "^2.2.0",
        "mkdirp": "0.5.x"
      }
    },
    "process": {
      "version": "0.11.10",
      "resolved": "https://registry.npmjs.org/process/-/process-0.11.10.tgz",
      "integrity": "sha1-czIwDoQBYb2j5podHZGn1LwW8YI="
    },
    "punycode": {
      "version": "2.1.1",
      "resolved": "https://registry.npmjs.org/punycode/-/punycode-2.1.1.tgz",
      "integrity": "sha512-XRsRjdf+j5ml+y/6GKHPZbrF/8p2Yga0JPtdqTIY2Xe5ohJPD9saDJJLPvp9+NSBprVvevdXZybnj2cv8OEd0A=="
    },
    "qs": {
      "version": "2.3.3",
      "resolved": "http://registry.npmjs.org/qs/-/qs-2.3.3.tgz",
      "integrity": "sha1-6eha2+ddoLvkyOBHaghikPhjtAQ="
    },
    "regenerator-runtime": {
      "version": "0.10.5",
      "resolved": "https://registry.npmjs.org/regenerator-runtime/-/regenerator-runtime-0.10.5.tgz",
      "integrity": "sha1-M2w+/BIgrc7dosn6tntaeVWjNlg="
    },
    "requires-port": {
      "version": "1.0.0",
      "resolved": "https://registry.npmjs.org/requires-port/-/requires-port-1.0.0.tgz",
      "integrity": "sha1-kl0mAdOaxIXgkc8NpcbmlNw9yv8="
    },
    "restore-cursor": {
      "version": "2.0.0",
      "resolved": "https://registry.npmjs.org/restore-cursor/-/restore-cursor-2.0.0.tgz",
      "integrity": "sha1-n37ih/gv0ybU/RYpI9YhKe7g368=",
      "requires": {
        "onetime": "^2.0.0",
        "signal-exit": "^3.0.2"
      }
    },
    "rimraf": {
      "version": "2.6.2",
      "resolved": "https://registry.npmjs.org/rimraf/-/rimraf-2.6.2.tgz",
      "integrity": "sha512-lreewLK/BlghmxtfH36YYVg1i8IAce4TI7oao75I1g245+6BctqTVQiBP3YUJ9C6DQOXJmkYR9X9fCLtCOJc5w==",
      "dev": true,
      "requires": {
        "glob": "^7.0.5"
      }
    },
    "round10": {
      "version": "1.0.3",
      "resolved": "https://registry.npmjs.org/round10/-/round10-1.0.3.tgz",
      "integrity": "sha1-hhEPRqEIdKGTHaf91eBtGFeo5NA="
    },
    "run-async": {
      "version": "2.4.1",
      "resolved": "https://registry.npmjs.org/run-async/-/run-async-2.4.1.tgz",
      "integrity": "sha512-tvVnVv01b8c1RrA6Ep7JkStj85Guv/YrMcwqYQnwjsAS2cTmmPGBBjAjpCW7RrSodNSoE2/qg9O4bceNvUuDgQ=="
    },
    "rx": {
      "version": "4.1.0",
      "resolved": "https://registry.npmjs.org/rx/-/rx-4.1.0.tgz",
      "integrity": "sha1-pfE/957zt0D+MKqAP7CfmIBdR4I="
    },
    "safer-buffer": {
      "version": "2.1.2",
      "resolved": "https://registry.npmjs.org/safer-buffer/-/safer-buffer-2.1.2.tgz",
      "integrity": "sha512-YZo3K82SD7Riyi0E1EQPojLz7kpepnSQI9IyPbHHg1XXXevb5dJI7tpyN2ADxGcQbHG7vcyRHk0cbwqcQriUtg=="
    },
    "sax": {
      "version": "1.2.1",
      "resolved": "https://registry.npmjs.org/sax/-/sax-1.2.1.tgz",
      "integrity": "sha1-e45lYZCyKOgaZq6nSEgNgozS03o="
    },
    "schema-utils": {
      "version": "0.4.7",
      "resolved": "https://registry.npmjs.org/schema-utils/-/schema-utils-0.4.7.tgz",
      "integrity": "sha512-v/iwU6wvwGK8HbU9yi3/nhGzP0yGSuhQMzL6ySiec1FSrZZDkhm4noOSWzrNFo/jEc+SJY6jRTwuwbSXJPDUnQ==",
      "requires": {
        "ajv": "^6.1.0",
        "ajv-keywords": "^3.1.0"
      }
    },
    "signal-exit": {
      "version": "3.0.3",
      "resolved": "https://registry.npmjs.org/signal-exit/-/signal-exit-3.0.3.tgz",
      "integrity": "sha512-VUJ49FC8U1OxwZLxIbTTrDvLnf/6TDgxZcK8wxR8zs13xpx7xbG60ndBlhNrFi2EMuFRoeDoJO7wthSLq42EjA=="
    },
    "string-width": {
      "version": "2.1.1",
      "resolved": "https://registry.npmjs.org/string-width/-/string-width-2.1.1.tgz",
      "integrity": "sha512-nOqH59deCq9SRHlxq1Aw85Jnt4w6KvLKqWVik6oA9ZklXLNIOlqg4F2yrT1MVaTjAqvVwdfeZ7w7aCvJD7ugkw==",
      "requires": {
        "is-fullwidth-code-point": "^2.0.0",
        "strip-ansi": "^4.0.0"
      },
      "dependencies": {
        "ansi-regex": {
          "version": "3.0.0",
          "resolved": "https://registry.npmjs.org/ansi-regex/-/ansi-regex-3.0.0.tgz",
          "integrity": "sha1-7QMXwyIGT3lGbAKWa922Bas32Zg="
        },
        "strip-ansi": {
          "version": "4.0.0",
          "resolved": "https://registry.npmjs.org/strip-ansi/-/strip-ansi-4.0.0.tgz",
          "integrity": "sha1-qEeQIusaw2iocTibY1JixQXuNo8=",
          "requires": {
            "ansi-regex": "^3.0.0"
          }
        }
      }
    },
    "string.prototype.endswith": {
      "version": "0.2.0",
      "resolved": "https://registry.npmjs.org/string.prototype.endswith/-/string.prototype.endswith-0.2.0.tgz",
      "integrity": "sha1-oZwg3uUamHd+mkfhDwm+OTubunU="
    },
    "strip-ansi": {
      "version": "3.0.1",
      "resolved": "https://registry.npmjs.org/strip-ansi/-/strip-ansi-3.0.1.tgz",
      "integrity": "sha1-ajhfuIU9lS1f8F0Oiq+UJ43GPc8=",
      "requires": {
        "ansi-regex": "^2.0.0"
      }
    },
    "supports-color": {
      "version": "2.0.0",
      "resolved": "https://registry.npmjs.org/supports-color/-/supports-color-2.0.0.tgz",
      "integrity": "sha1-U10EXOa2Nj+kARcIRimZXp3zJMc="
    },
    "three": {
      "version": "0.113.2",
      "resolved": "https://registry.npmjs.org/three/-/three-0.113.2.tgz",
      "integrity": "sha512-x3vrKW41/UtbWbWduWKGlfIc043SvHWr3YltehYq+UGb9YglQ2oztNGvl2eut05JtNSmP11Mh3t6Xak5/0e+Fg=="
    },
    "through": {
      "version": "2.3.8",
      "resolved": "https://registry.npmjs.org/through/-/through-2.3.8.tgz",
      "integrity": "sha1-DdTJ/6q8NXlgsbckEV1+Doai4fU="
    },
    "tmp": {
      "version": "0.0.33",
      "resolved": "https://registry.npmjs.org/tmp/-/tmp-0.0.33.tgz",
      "integrity": "sha512-jRCJlojKnZ3addtTOjdIqoRuPEKBvNXcGYqzO6zWZX8KfKEpnGY5jfggJQ3EjKuu8D4bJRr0y+cYJFmYbImXGw==",
      "requires": {
        "os-tmpdir": "~1.0.2"
      }
    },
    "unfetch": {
      "version": "4.1.0",
      "resolved": "https://registry.npmjs.org/unfetch/-/unfetch-4.1.0.tgz",
      "integrity": "sha512-crP/n3eAPUJxZXM9T80/yv0YhkTEx2K1D3h7D1AJM6fzsWZrxdyRuLN0JH/dkZh1LNH8LxCnBzoPFCPbb2iGpg=="
    },
    "union": {
      "version": "0.4.6",
      "resolved": "https://registry.npmjs.org/union/-/union-0.4.6.tgz",
      "integrity": "sha1-GY+9rrolTniLDvy2MLwR8kopWeA=",
      "requires": {
        "qs": "~2.3.3"
      }
    },
    "universalviewer": {
      "version": "4.0.0-pre.11",
      "resolved": "https://registry.npmjs.org/universalviewer/-/universalviewer-4.0.0-pre.11.tgz",
      "integrity": "sha512-eyihR7TYFKPXn31bGqjuSxY6B9rUDWR20p6XQDGDiP6H2xBMtA0hNsqLFGX7C1f3CDcUqzRg3211vG0r7J5Zqw==",
      "requires": {
        "@edsilv/http-status-codes": "1.0.3",
        "@edsilv/jquery-plugins": "1.0.7",
        "@edsilv/key-codes": "1.0.0",
        "@edsilv/utils": "1.0.2",
        "@google/model-viewer": "0.9.0",
        "@iiif/base-component": "2.0.1",
        "@iiif/iiif-av-component": "1.0.1",
        "@iiif/iiif-gallery-component": "1.1.19",
        "@iiif/iiif-metadata-component": "^1.1.19",
        "@iiif/iiif-tree-component": "^2.0.3",
        "@iiif/manifold": "2.0.2",
        "@iiif/vocabulary": "1.0.16",
        "@types/modernizr": "3.2.29",
        "@types/node": "8.10.52",
        "@universalviewer/uv-cy-gb-theme": "1.1.2",
        "@universalviewer/uv-en-gb-theme": "1.1.3",
        "@webcomponents/webcomponentsjs": "^2.4.3",
        "core-js": "2.4.1",
        "dashjs": "2.6.7",
        "hls.js": "0.9.1",
        "jquery": "3.3.1",
        "jquery-binarytransport": "1.0.0",
        "jquery-ui-dist": "1.12.1",
        "jquery-ui-touch-punch": "0.2.3",
        "jsviews": "0.9.83",
        "manifesto.js": "4.0.1",
        "mediaelement": "4.2.15",
        "opencollective": "1.0.3",
        "openseadragon": "2.4.2",
        "pdfjs-dist": "2.0.161",
        "pdfobject": "2.1.1",
        "waveform-data": "2.0.2",
        "xss": "1.0.3"
      }
    },
    "uri-js": {
      "version": "4.2.2",
      "resolved": "https://registry.npmjs.org/uri-js/-/uri-js-4.2.2.tgz",
      "integrity": "sha512-KY9Frmirql91X2Qgjry0Wd4Y+YTdrdZheS8TFwvkbLWf/G5KNJDCh6pKL5OZctEW4+0Baa5idK2ZQuELRwPznQ==",
      "requires": {
        "punycode": "^2.1.0"
      }
    },
    "url-join": {
      "version": "2.0.5",
      "resolved": "https://registry.npmjs.org/url-join/-/url-join-2.0.5.tgz",
      "integrity": "sha1-WvIvGMBSoACkjXuCxenC4v7tpyg="
    },
    "url-toolkit": {
      "version": "2.1.6",
      "resolved": "https://registry.npmjs.org/url-toolkit/-/url-toolkit-2.1.6.tgz",
      "integrity": "sha512-UaZ2+50am4HwrV2crR/JAf63Q4VvPYphe63WGeoJxeu8gmOm0qxPt+KsukfakPNrX9aymGNEkkaoICwn+OuvBw=="
    },
    "waveform-data": {
      "version": "2.0.2",
      "resolved": "https://registry.npmjs.org/waveform-data/-/waveform-data-2.0.2.tgz",
      "integrity": "sha1-voCS8+DX7evAUOWzE8P5egaQRyw="
    },
    "wordwrap": {
      "version": "0.0.3",
      "resolved": "https://registry.npmjs.org/wordwrap/-/wordwrap-0.0.3.tgz",
      "integrity": "sha1-o9XabNXAvAAI03I0u68b7WMFkQc="
    },
    "worker-loader": {
      "version": "1.1.1",
      "resolved": "https://registry.npmjs.org/worker-loader/-/worker-loader-1.1.1.tgz",
      "integrity": "sha512-qJZLVS/jMCBITDzPo/RuweYSIG8VJP5P67mP/71alGyTZRe1LYJFdwLjLalY3T5ifx0bMDRD3OB6P2p1escvlg==",
      "requires": {
        "loader-utils": "^1.0.0",
        "schema-utils": "^0.4.0"
      }
    },
    "wrappy": {
      "version": "1.0.2",
      "resolved": "https://registry.npmjs.org/wrappy/-/wrappy-1.0.2.tgz",
      "integrity": "sha1-tSQ9jz7BqjXxNkYFvA0QNuMKtp8=",
      "dev": true
    },
    "xss": {
      "version": "1.0.3",
      "resolved": "https://registry.npmjs.org/xss/-/xss-1.0.3.tgz",
      "integrity": "sha512-LTpz3jXPLUphMMmyufoZRSKnqMj41OVypZ8uYGzvjkMV9C1EdACrhQl/EM8Qfh5htSAuMIQFOejmKAZGkJfaCg==",
      "requires": {
        "commander": "^2.9.0",
        "cssfilter": "0.0.10"
      }
    }
  }
}
